
Microsoft Visual Studio Solution File, Format Version 12.00
# Visual Studio 15
VisualStudioVersion = 15.0.27004.2002
MinimumVisualStudioVersion = 10.0.40219.1
Project("{FAE04EC0-301F-11D3-BF4B-00C04F79EFBC}") = "WordClassBuilder", "WordClassBuilder\WordClassBuilder.csproj", "{B3890BB0-2F16-47D6-85E8-D6004446239F}"
EndProject
Global
	GlobalSection(SolutionConfigurationPlatforms) = preSolution
		Debug|Any CPU = Debug|Any CPU
		Release|Any CPU = Release|Any CPU
	EndGlobalSection
	GlobalSection(ProjectConfigurationPlatforms) = postSolution
		{B3890BB0-2F16-47D6-85E8-D6004446239F}.Debug|Any CPU.ActiveCfg = Debug|Any CPU
		{B3890BB0-2F16-47D6-85E8-D6004446239F}.Debug|Any CPU.Build.0 = Debug|Any CPU
		{B3890BB0-2F16-47D6-85E8-D6004446239F}.Release|Any CPU.ActiveCfg = Release|Any CPU
		{B3890BB0-2F16-47D6-85E8-D6004446239F}.Release|Any CPU.Build.0 = Release|Any CPU
	EndGlobalSection
	GlobalSection(SolutionProperties) = preSolution
		HideSolutionNode = FALSE
	EndGlobalSection
	GlobalSection(ExtensibilityGlobals) = postSolution
		SolutionGuid = {6A50DB68-41E7-4AEB-9AE8-319D4C6AC4F6}
	EndGlobalSection
EndGlobal
